# This file was autogenerated by Stack.
# You should not edit this file by hand.
# For more information, please see the documentation at:
#   https://docs.haskellstack.org/en/stable/lock_files

packages:
- completed:
    name: goldplate
    version: 0.2.1
    git: https://github.com/fugue/goldplate.git
    pantry-tree:
      size: 2689
      sha256: fbd30fc1b6e3c05ff924b91dc5402120af4b0c9aa7e09f0cbf1e9ed0e331a834
    commit: 0ebf8fc353e518acf1f7eebcab3d733ed1031b1e
  original:
    git: https://github.com/fugue/goldplate.git
    commit: 0ebf8fc353e518acf1f7eebcab3d733ed1031b1e
snapshots:
- completed:
    size: 619158
    url: https://raw.githubusercontent.com/commercialhaskell/stackage-snapshots/master/lts/19/12.yaml
    sha256: d4d7a4ac80485f3c21d0c6bfe5e7a21c3f71ca4fdfea022f98574047ebb58ebb
  original: lts-19.12
