# This file was autogenerated by Stack.
# You should not edit this file by hand.
# For more information, please see the documentation at:
#   https://docs.haskellstack.org/en/stable/lock_files

packages:
- completed:
    hackage: HsYAML-0.2.1.0@sha256:6e63cbc919543c5a837040f063e96fe0a4e43bef8ab3c057cef8f122396fdc2d,5469
    pantry-tree:
      size: 1340
      sha256: 77d9299977dfbc7836cbbcb51fe890bb70d485d9dd89a3bbe54822635faa8108
  original:
    hackage: HsYAML-0.2.1.0
- completed:
    hackage: jose-0.8.3@sha256:8aced915d565f8397150149d46f1f2f2f7ec7aaddf9593f52b420111629332cf,3333
    pantry-tree:
      size: 1992
      sha256: 625c2a7690a0e30f8882f001b6a7fbc88a9cfa686eff5ade81996883795ba0fc
  original:
    hackage: jose-0.8.3
- completed:
    name: goldplate
    version: 0.1.0
    git: https://github.com/fugue/goldplate.git
    pantry-tree:
      size: 1917
      sha256: fec4e5423b13dac876111ae98867ac102b3d5c225003cd7005da99037204dae4
    commit: 0ac9d399eb7bcac810a1bf4d97ccc08fe6f39f39
  original:
    git: https://github.com/fugue/goldplate.git
    commit: 0ac9d399eb7bcac810a1bf4d97ccc08fe6f39f39
snapshots:
- completed:
    size: 532177
    url: https://raw.githubusercontent.com/commercialhaskell/stackage-snapshots/master/lts/16/20.yaml
    sha256: 0e14ba5603f01e8496e8984fd84b545a012ca723f51a098c6c9d3694e404dc6d
  original: lts-16.20
