# This file was autogenerated by Stack.
# You should not edit this file by hand.
# For more information, please see the documentation at:
#   https://docs.haskellstack.org/en/stable/lock_files

packages:
- completed:
    hackage: ansi-terminal-0.11@sha256:97470250c92aae14c4c810d7f664c532995ba8910e2ad797b29f22ad0d2d0194,3307
    pantry-tree:
      size: 1461
      sha256: 4098c4b8bb503fcf0730aedc8247a479d3e22fd1fe4c6b4b2b2b5da30bdfb713
  original:
    hackage: ansi-terminal-0.11
- completed:
    hackage: base64-bytestring-1.2.0.1@sha256:f4f998235fc0825ab636ca9241b827de5805b336625eb1c7822f1798a238b6ac,2411
    pantry-tree:
      size: 850
      sha256: 20a1631b18066669c8b5e4dae5a32c761e350c91c9d0d3a90ab40f740ff3f6f1
  original:
    hackage: base64-bytestring-1.2.0.1
- completed:
    hackage: optparse-applicative-0.16.1.0@sha256:d410cc76e288b93d4ee7e06addc0381a7eaea43bcee0c3ced03f05cadec2f2fc,4836
    pantry-tree:
      size: 2979
      sha256: bfff15197c553035578163cd3da352bcddcf0f11f57ae40ead22ef6dd120c40c
  original:
    hackage: optparse-applicative-0.16.1.0
- completed:
    hackage: vector-0.12.2.0@sha256:6e81683c2c19b4aea58f1f453547cb03851b3cfd4031b8eb82abfa4643a13494,7953
    pantry-tree:
      size: 3841
      sha256: 666939d042ad8880bb66f4c00ebe71167354649ed4f1e4ddce99de355921c25e
  original:
    hackage: vector-0.12.2.0
- completed:
    name: goldplate
    version: 0.1.3
    git: https://github.com/fugue/goldplate.git
    pantry-tree:
      size: 2232
      sha256: 407ac0b5bf03e9bc9ed3a0b09e2bd953c176de807efe4a4452dc0cba95062aa6
    commit: 131b5b12533ae9bff855a442a8d0d28a6a422fdc
  original:
    git: https://github.com/fugue/goldplate.git
    commit: 131b5b12533ae9bff855a442a8d0d28a6a422fdc
snapshots:
- completed:
    size: 567037
    url: https://raw.githubusercontent.com/commercialhaskell/stackage-snapshots/master/lts/17/9.yaml
    sha256: d7d8d5106e53d1669964bd8bd2b0f88a5ad192d772f5376384b76738fd992311
  original: lts-17.9
